
Microsoft Visual Studio Solution File, Format Version 12.00
# Visual Studio Version 17
VisualStudioVersion = 17.10.35122.118
MinimumVisualStudioVersion = 10.0.40219.1
Project("{2150E333-8FDC-42A3-9474-1A3956D46DE8}") = "Services", "Services", "{D86408C2-A2F6-48BF-826A-532069A77622}"
EndProject
Project("{FAE04EC0-301F-11D3-BF4B-00C04F79EFBC}") = "WebApi", "Services\WebApi\WebApi.csproj", "{6EC91AEE-8EE3-48CB-B39A-E7E901A1C322}"
EndProject
Project("{E53339B2-1760-4266-BCC7-CA923CBCF16C}") = "docker-compose", "docker-compose.dcproj", "{37794B93-D31B-4815-A947-72A9406EDA1F}"
EndProject
Global
	GlobalSection(SolutionConfigurationPlatforms) = preSolution
		Debug|Any CPU = Debug|Any CPU
		Release|Any CPU = Release|Any CPU
	EndGlobalSection
	GlobalSection(ProjectConfigurationPlatforms) = postSolution
		{6EC91AEE-8EE3-48CB-B39A-E7E901A1C322}.Debug|Any CPU.ActiveCfg = Debug|Any CPU
		{6EC91AEE-8EE3-48CB-B39A-E7E901A1C322}.Debug|Any CPU.Build.0 = Debug|Any CPU
		{6EC91AEE-8EE3-48CB-B39A-E7E901A1C322}.Release|Any CPU.ActiveCfg = Release|Any CPU
		{6EC91AEE-8EE3-48CB-B39A-E7E901A1C322}.Release|Any CPU.Build.0 = Release|Any CPU
		{37794B93-D31B-4815-A947-72A9406EDA1F}.Debug|Any CPU.ActiveCfg = Debug|Any CPU
		{37794B93-D31B-4815-A947-72A9406EDA1F}.Debug|Any CPU.Build.0 = Debug|Any CPU
		{37794B93-D31B-4815-A947-72A9406EDA1F}.Release|Any CPU.ActiveCfg = Release|Any CPU
		{37794B93-D31B-4815-A947-72A9406EDA1F}.Release|Any CPU.Build.0 = Release|Any CPU
	EndGlobalSection
	GlobalSection(SolutionProperties) = preSolution
		HideSolutionNode = FALSE
	EndGlobalSection
	GlobalSection(NestedProjects) = preSolution
		{6EC91AEE-8EE3-48CB-B39A-E7E901A1C322} = {D86408C2-A2F6-48BF-826A-532069A77622}
	EndGlobalSection
	GlobalSection(ExtensibilityGlobals) = postSolution
		SolutionGuid = {5E9E4E43-7BB7-43B7-AF49-1B5E67D7CC6E}
	EndGlobalSection
EndGlobal
